{
  "name": "Sqrl",
  "version": "0.5.3",
  "lockfileVersion": 1,
  "requires": true,
  "dependencies": {
    "asn1.js": {
      "version": "5.0.1",
      "resolved": "https://registry.npmjs.org/asn1.js/-/asn1.js-5.0.1.tgz",
      "integrity": "sha512-aO8EaEgbgqq77IEw+1jfx5c9zTbzvkfuRBuZsSsPnTHMkmd5AI4J6OtITLZFa381jReeaQL67J0GBTUu0+ZTVw==",
      "requires": {
        "bn.js": "^4.0.0",
        "inherits": "^2.0.1",
        "minimalistic-assert": "^1.0.0"
      }
    },
    "async": {
      "version": "2.6.1",
      "resolved": "https://registry.npmjs.org/async/-/async-2.6.1.tgz",
      "integrity": "sha512-fNEiL2+AZt6AlAw/29Cr0UDe4sRAHCpEHh54WMz+Bb7QfNcFw4h3loofyJpLeQs4Yx7yuqu/2dLgM5hKOs6HlQ==",
      "requires": {
        "lodash": "^4.17.10"
      }
    },
    "balanced-match": {
      "version": "1.0.0",
      "resolved": "https://registry.npmjs.org/balanced-match/-/balanced-match-1.0.0.tgz",
      "integrity": "sha1-ibTRmasr7kneFk6gK4nORi1xt2c="
    },
    "base-x": {
      "version": "3.0.4",
      "resolved": "https://registry.npmjs.org/base-x/-/base-x-3.0.4.tgz",
      "integrity": "sha512-UYOadoSIkEI/VrRGSG6qp93rp2WdokiAiNYDfGW5qURAY8GiAQkvMbwNNSDYiVJopqv4gCna7xqf4rrNGp+5AA==",
      "requires": {
        "safe-buffer": "^5.0.1"
      }
    },
    "big.js": {
      "version": "5.2.2",
      "resolved": "https://registry.npmjs.org/big.js/-/big.js-5.2.2.tgz",
      "integrity": "sha512-vyL2OymJxmarO8gxMr0mhChsO9QGwhynfuu4+MHTAW6czfq9humCB7rKpUjDd9YUiDPU4mzpyupFSvOClAwbmQ=="
    },
    "bignumber.js": {
      "version": "7.2.1",
      "resolved": "https://registry.npmjs.org/bignumber.js/-/bignumber.js-7.2.1.tgz",
      "integrity": "sha512-S4XzBk5sMB+Rcb/LNcpzXr57VRTxgAvaAEDAl1AwRx27j00hT84O6OkteE7u8UB3NuaaygCRrEpqox4uDOrbdQ=="
    },
    "bindings": {
      "version": "1.3.0",
      "resolved": "https://registry.npmjs.org/bindings/-/bindings-1.3.0.tgz",
      "integrity": "sha512-DpLh5EzMR2kzvX1KIlVC0VkC3iZtHKTgdtZ0a3pglBZdaQFjt5S9g9xd1lE+YvXyfd6mtCeRnrUfOLYiTMlNSw=="
    },
    "bip66": {
      "version": "1.1.5",
      "resolved": "https://registry.npmjs.org/bip66/-/bip66-1.1.5.tgz",
      "integrity": "sha1-AfqHSHhcpwlV1QESF9GzE5lpyiI=",
      "requires": {
        "safe-buffer": "^5.0.1"
      }
    },
    "bl": {
      "version": "2.1.2",
      "resolved": "https://registry.npmjs.org/bl/-/bl-2.1.2.tgz",
      "integrity": "sha512-DvC0x+PxmSJNx8wXoFV15pC2+GOJ3ohb4F1REq3X32a2Z3nEBpR1Guu740M7ouYAImFj4BXDNilLNZbygtG9lQ==",
      "requires": {
        "readable-stream": "^2.3.5",
        "safe-buffer": "^5.1.1"
      }
    },
    "blakejs": {
      "version": "1.1.0",
      "resolved": "https://registry.npmjs.org/blakejs/-/blakejs-1.1.0.tgz",
      "integrity": "sha1-ad+S75U6qIylGjLfarHFShVfx6U="
    },
    "bn.js": {
      "version": "4.11.8",
      "resolved": "https://registry.npmjs.org/bn.js/-/bn.js-4.11.8.tgz",
      "integrity": "sha512-ItfYfPLkWHUjckQCk8xC+LwxgK8NYcXywGigJgSwOP8Y2iyWT4f2vsZnoOXTTbo+o5yXmIUJ4gn5538SO5S3gA=="
    },
    "borc": {
      "version": "2.0.4",
      "resolved": "https://registry.npmjs.org/borc/-/borc-2.0.4.tgz",
      "integrity": "sha512-SCVjto/dbKfduyl+LDQ1Km28ly2aTIXtJbrYZWHFQAxkHph96I/zXTrTQXWuJobG8lQZjIA/dw9z7hmJHJhjMg==",
      "requires": {
        "bignumber.js": "^7.2.1",
        "commander": "^2.15.0",
        "ieee754": "^1.1.8",
        "json-text-sequence": "^0.1"
      }
    },
    "brace-expansion": {
      "version": "1.1.11",
      "resolved": "https://registry.npmjs.org/brace-expansion/-/brace-expansion-1.1.11.tgz",
      "integrity": "sha512-iCuPHDFgrHX7H2vEI/5xpz07zSHB00TpugqhmYtVmMO6518mCuRMoOYFldEBl0g187ufozdaHgWKcYFb61qGiA==",
      "requires": {
        "balanced-match": "^1.0.0",
        "concat-map": "0.0.1"
      }
    },
    "brorand": {
      "version": "1.1.0",
      "resolved": "https://registry.npmjs.org/brorand/-/brorand-1.1.0.tgz",
      "integrity": "sha1-EsJe/kCkXjwyPrhnWgoM5XsiNx8="
    },
    "browserify-aes": {
      "version": "1.2.0",
      "resolved": "http://registry.npmjs.org/browserify-aes/-/browserify-aes-1.2.0.tgz",
      "integrity": "sha512-+7CHXqGuspUn/Sl5aO7Ea0xWGAtETPXNSAjHo48JfLdPWcMng33Xe4znFvQweqc/uzk5zSOI3H52CYnjCfb5hA==",
      "requires": {
        "buffer-xor": "^1.0.3",
        "cipher-base": "^1.0.0",
        "create-hash": "^1.1.0",
        "evp_bytestokey": "^1.0.3",
        "inherits": "^2.0.1",
        "safe-buffer": "^5.0.1"
      }
    },
    "bs58": {
      "version": "4.0.1",
      "resolved": "https://registry.npmjs.org/bs58/-/bs58-4.0.1.tgz",
      "integrity": "sha1-vhYedsNU9veIrkBx9j806MTwpCo=",
      "requires": {
        "base-x": "^3.0.2"
      }
    },
    "buffer-alloc": {
      "version": "1.2.0",
      "resolved": "https://registry.npmjs.org/buffer-alloc/-/buffer-alloc-1.2.0.tgz",
      "integrity": "sha512-CFsHQgjtW1UChdXgbyJGtnm+O/uLQeZdtbDo8mfUgYXCHSM1wgrVxXm6bSyrUuErEb+4sYVGCzASBRot7zyrow==",
      "requires": {
        "buffer-alloc-unsafe": "^1.1.0",
        "buffer-fill": "^1.0.0"
      }
    },
    "buffer-alloc-unsafe": {
      "version": "1.1.0",
      "resolved": "https://registry.npmjs.org/buffer-alloc-unsafe/-/buffer-alloc-unsafe-1.1.0.tgz",
      "integrity": "sha512-TEM2iMIEQdJ2yjPJoSIsldnleVaAk1oW3DBVUykyOLsEsFmEc9kn+SFFPz+gl54KQNxlDnAwCXosOS9Okx2xAg=="
    },
    "buffer-fill": {
      "version": "1.0.0",
      "resolved": "https://registry.npmjs.org/buffer-fill/-/buffer-fill-1.0.0.tgz",
      "integrity": "sha1-+PeLdniYiO858gXNY39o5wISKyw="
    },
    "buffer-from": {
      "version": "1.1.1",
      "resolved": "https://registry.npmjs.org/buffer-from/-/buffer-from-1.1.1.tgz",
      "integrity": "sha512-MQcXEUbCKtEo7bhqEs6560Hyd4XaovZlO/k9V3hjVUF/zwW7KBVdSK4gIt/bzwS9MbR5qob+F5jusZsb0YQK2A=="
    },
    "buffer-xor": {
      "version": "1.0.3",
      "resolved": "https://registry.npmjs.org/buffer-xor/-/buffer-xor-1.0.3.tgz",
      "integrity": "sha1-JuYe0UIvtw3ULm42cp7VHYVf6Nk="
    },
    "builtin-status-codes": {
      "version": "3.0.0",
      "resolved": "https://registry.npmjs.org/builtin-status-codes/-/builtin-status-codes-3.0.0.tgz",
      "integrity": "sha1-hZgoeOIbmOHGZCXgPQF0eI9Wnug="
    },
    "cids": {
      "version": "0.5.5",
      "resolved": "https://registry.npmjs.org/cids/-/cids-0.5.5.tgz",
      "integrity": "sha512-oU8v+N8rViFBcj5KcsXK0gbPiMFHpP/VGlGoWQXZguJsA8ZW0X47fKt0ZPIu03U8CL1Fy+R56tO79urY6MLaSw==",
      "requires": {
        "class-is": "^1.1.0",
        "multibase": "~0.5.0",
        "multicodec": "~0.2.7",
        "multihashes": "~0.4.14"
      },
      "dependencies": {
        "multibase": {
          "version": "0.5.0",
          "resolved": "https://registry.npmjs.org/multibase/-/multibase-0.5.0.tgz",
          "integrity": "sha512-7epKiK8/UBzraYZvOuZa8FH/00hMfTnzTy1OQol1YBU2csAYA7rwWh+iue9plXRmVFBGvmVKMuo0oq5sD47kvw==",
          "requires": {
            "base-x": "3.0.4"
          }
        }
      }
    },
    "cipher-base": {
      "version": "1.0.4",
      "resolved": "https://registry.npmjs.org/cipher-base/-/cipher-base-1.0.4.tgz",
      "integrity": "sha512-Kkht5ye6ZGmwv40uUDZztayT2ThLQGfnj/T71N/XzeZeo3nf8foyW7zGTsPYkEya3m5f3cAypH+qe7YOrM1U2Q==",
      "requires": {
        "inherits": "^2.0.1",
        "safe-buffer": "^5.0.1"
      }
    },
    "class-is": {
      "version": "1.1.0",
      "resolved": "http://registry.npmjs.org/class-is/-/class-is-1.1.0.tgz",
      "integrity": "sha512-rhjH9AG1fvabIDoGRVH587413LPjTZgmDF9fOFCbFJQV4yuocX1mHxxvXI4g3cGwbVY9wAYIoKlg1N79frJKQw=="
    },
    "commander": {
      "version": "2.19.0",
      "resolved": "https://registry.npmjs.org/commander/-/commander-2.19.0.tgz",
      "integrity": "sha512-6tvAOO+D6OENvRAh524Dh9jcfKTYDQAqvqezbCW82xj5X0pSrcpxtvRKHLG0yBY6SD7PSDrJaj+0AiOcKVd1Xg=="
    },
    "concat-map": {
      "version": "0.0.1",
      "resolved": "https://registry.npmjs.org/concat-map/-/concat-map-0.0.1.tgz",
      "integrity": "sha1-2Klr13/Wjfd5OnMDajug1UBdR3s="
    },
    "concat-stream": {
      "version": "1.6.2",
      "resolved": "https://registry.npmjs.org/concat-stream/-/concat-stream-1.6.2.tgz",
      "integrity": "sha512-27HBghJxjiZtIk3Ycvn/4kbJk/1uZuJFfuPEns6LaEvpvG1f0hTea8lilrouyo9mVc2GWdcEZ8OLoGmSADlrCw==",
      "requires": {
        "buffer-from": "^1.0.0",
        "inherits": "^2.0.3",
        "readable-stream": "^2.2.2",
        "typedarray": "^0.0.6"
      }
    },
    "core-util-is": {
      "version": "1.0.2",
      "resolved": "https://registry.npmjs.org/core-util-is/-/core-util-is-1.0.2.tgz",
      "integrity": "sha1-tf1UIgqivFq1eqtxQMlAdUUDwac="
    },
    "create-hash": {
      "version": "1.2.0",
      "resolved": "http://registry.npmjs.org/create-hash/-/create-hash-1.2.0.tgz",
      "integrity": "sha512-z00bCGNHDG8mHAkP7CtT1qVu+bFQUPjYq/4Iv3C3kWjTFV10zIjfSoeqXo9Asws8gwSHDGj/hl2u4OGIjapeCg==",
      "requires": {
        "cipher-base": "^1.0.1",
        "inherits": "^2.0.1",
        "md5.js": "^1.3.4",
        "ripemd160": "^2.0.1",
        "sha.js": "^2.4.0"
      }
    },
    "create-hmac": {
      "version": "1.1.7",
      "resolved": "http://registry.npmjs.org/create-hmac/-/create-hmac-1.1.7.tgz",
      "integrity": "sha512-MJG9liiZ+ogc4TzUwuvbER1JRdgvUFSB5+VR/g5h82fGaIRWMWddtKBHi7/sVhfjQZ6SehlyhvQYrcYkaUIpLg==",
      "requires": {
        "cipher-base": "^1.0.3",
        "create-hash": "^1.1.0",
        "inherits": "^2.0.1",
        "ripemd160": "^2.0.0",
        "safe-buffer": "^5.0.1",
        "sha.js": "^2.4.8"
      }
    },
    "debug": {
      "version": "3.2.6",
      "resolved": "https://registry.npmjs.org/debug/-/debug-3.2.6.tgz",
      "integrity": "sha512-mel+jf7nrtEl5Pn1Qx46zARXKDpBbvzezse7p7LqINmdoIk8PYP5SySaxEmYv6TZ0JyEKA1hsCId6DIhgITtWQ==",
      "requires": {
        "ms": "^2.1.1"
      }
    },
    "delimit-stream": {
      "version": "0.1.0",
      "resolved": "https://registry.npmjs.org/delimit-stream/-/delimit-stream-0.1.0.tgz",
      "integrity": "sha1-m4MZR3wOX4rrPONXrjBfwl6hzSs="
    },
    "detect-node": {
      "version": "2.0.4",
      "resolved": "https://registry.npmjs.org/detect-node/-/detect-node-2.0.4.tgz",
      "integrity": "sha512-ZIzRpLJrOj7jjP2miAtgqIfmzbxa4ZOr5jJc601zklsfEx9oTzmmj2nVpIPRpNlRTIh8lc1kyViIY7BWSGNmKw=="
    },
    "drbg.js": {
      "version": "1.0.1",
      "resolved": "https://registry.npmjs.org/drbg.js/-/drbg.js-1.0.1.tgz",
      "integrity": "sha1-Pja2xCs3BDgjzbwzLVjzHiRFSAs=",
      "requires": {
        "browserify-aes": "^1.0.6",
        "create-hash": "^1.1.2",
        "create-hmac": "^1.1.4"
      }
    },
    "elliptic": {
      "version": "6.4.1",
      "resolved": "https://registry.npmjs.org/elliptic/-/elliptic-6.4.1.tgz",
      "integrity": "sha512-BsXLz5sqX8OHcsh7CqBMztyXARmGQ3LWPtGjJi6DiJHq5C/qvi9P3OqgswKSDftbu8+IoI/QDTAm2fFnQ9SZSQ==",
      "requires": {
        "bn.js": "^4.4.0",
        "brorand": "^1.0.1",
        "hash.js": "^1.0.0",
        "hmac-drbg": "^1.0.0",
        "inherits": "^2.0.1",
        "minimalistic-assert": "^1.0.0",
        "minimalistic-crypto-utils": "^1.0.0"
      }
    },
    "end-of-stream": {
      "version": "1.4.1",
      "resolved": "https://registry.npmjs.org/end-of-stream/-/end-of-stream-1.4.1.tgz",
      "integrity": "sha512-1MkrZNvWTKCaigbn+W15elq2BB/L22nqrSY5DKlo3X6+vclJm8Bb5djXJBmEX6fS3+zCh/F4VBK5Z2KxJt4s2Q==",
      "requires": {
        "once": "^1.4.0"
      }
    },
    "evp_bytestokey": {
      "version": "1.0.3",
      "resolved": "https://registry.npmjs.org/evp_bytestokey/-/evp_bytestokey-1.0.3.tgz",
      "integrity": "sha512-/f2Go4TognH/KvCISP7OUsHn85hT9nUkxxA9BEWxFn+Oj9o8ZNLm/40hdlgSLyuOimsrTKLUMEorQexp/aPQeA==",
      "requires": {
        "md5.js": "^1.3.4",
        "safe-buffer": "^5.1.1"
      }
    },
    "flatmap": {
      "version": "0.0.3",
      "resolved": "https://registry.npmjs.org/flatmap/-/flatmap-0.0.3.tgz",
      "integrity": "sha1-Hxik2TgVLUlZZfnJWNkjqy3WabQ="
    },
    "fs-constants": {
      "version": "1.0.0",
      "resolved": "https://registry.npmjs.org/fs-constants/-/fs-constants-1.0.0.tgz",
      "integrity": "sha512-y6OAwoSIf7FyjMIv94u+b5rdheZEjzR63GTyZJm5qh4Bi+2YgwLCcI/fPFZkL5PSixOt6ZNKm+w+Hfp/Bciwow=="
    },
    "fs.realpath": {
      "version": "1.0.0",
      "resolved": "https://registry.npmjs.org/fs.realpath/-/fs.realpath-1.0.0.tgz",
      "integrity": "sha1-FQStJSMVjKpA20onh8sBQRmU6k8="
    },
    "glob": {
      "version": "7.1.3",
      "resolved": "https://registry.npmjs.org/glob/-/glob-7.1.3.tgz",
      "integrity": "sha512-vcfuiIxogLV4DlGBHIUOwI0IbrJ8HWPc4MU7HzviGeNho/UJDfi6B5p3sHeWIQ0KGIU0Jpxi5ZHxemQfLkkAwQ==",
      "requires": {
        "fs.realpath": "^1.0.0",
        "inflight": "^1.0.4",
        "inherits": "2",
        "minimatch": "^3.0.4",
        "once": "^1.3.0",
        "path-is-absolute": "^1.0.0"
      }
    },
    "hash-base": {
      "version": "3.0.4",
      "resolved": "https://registry.npmjs.org/hash-base/-/hash-base-3.0.4.tgz",
      "integrity": "sha1-X8hoaEfs1zSZQDMZprCj8/auSRg=",
      "requires": {
        "inherits": "^2.0.1",
        "safe-buffer": "^5.0.1"
      }
    },
    "hash.js": {
      "version": "1.1.5",
      "resolved": "https://registry.npmjs.org/hash.js/-/hash.js-1.1.5.tgz",
      "integrity": "sha512-eWI5HG9Np+eHV1KQhisXWwM+4EPPYe5dFX1UZZH7k/E3JzDEazVH+VGlZi6R94ZqImq+A3D1mCEtrFIfg/E7sA==",
      "requires": {
        "inherits": "^2.0.3",
        "minimalistic-assert": "^1.0.1"
      }
    },
    "hmac-drbg": {
      "version": "1.0.1",
      "resolved": "https://registry.npmjs.org/hmac-drbg/-/hmac-drbg-1.0.1.tgz",
      "integrity": "sha1-0nRXAQJabHdabFRXk+1QL8DGSaE=",
      "requires": {
        "hash.js": "^1.0.3",
        "minimalistic-assert": "^1.0.0",
        "minimalistic-crypto-utils": "^1.0.1"
      }
    },
    "ieee754": {
      "version": "1.1.12",
      "resolved": "https://registry.npmjs.org/ieee754/-/ieee754-1.1.12.tgz",
      "integrity": "sha512-GguP+DRY+pJ3soyIiGPTvdiVXjZ+DbXOxGpXn3eMvNW4x4irjqXm4wHKscC+TfxSJ0yw/S1F24tqdMNsMZTiLA=="
    },
    "inflight": {
      "version": "1.0.6",
      "resolved": "https://registry.npmjs.org/inflight/-/inflight-1.0.6.tgz",
      "integrity": "sha1-Sb1jMdfQLQwJvJEKEHW6gWW1bfk=",
      "requires": {
        "once": "^1.3.0",
        "wrappy": "1"
      }
    },
    "inherits": {
      "version": "2.0.3",
      "resolved": "https://registry.npmjs.org/inherits/-/inherits-2.0.3.tgz",
      "integrity": "sha1-Yzwsg+PaQqUC9SRmAiSA9CCCYd4="
    },
    "ip": {
      "version": "1.1.5",
      "resolved": "https://registry.npmjs.org/ip/-/ip-1.1.5.tgz",
      "integrity": "sha1-vd7XARQpCCjAoDnnLvJfWq7ENUo="
    },
    "ip-address": {
      "version": "5.8.9",
      "resolved": "https://registry.npmjs.org/ip-address/-/ip-address-5.8.9.tgz",
      "integrity": "sha512-7ay355oMN34iXhET1BmCJVsHjOTSItEEIIpOs38qUC23AIhOy+xIPnkrTuEFjeLMrTJ7m8KMXWgWfy/2Vn9sDw==",
      "requires": {
        "jsbn": "1.1.0",
        "lodash.find": "^4.6.0",
        "lodash.max": "^4.0.1",
        "lodash.merge": "^4.6.0",
        "lodash.padstart": "^4.6.1",
        "lodash.repeat": "^4.1.0",
        "sprintf-js": "1.1.0"
      }
    },
    "ipfs-api": {
      "version": "25.0.0",
      "resolved": "https://registry.npmjs.org/ipfs-api/-/ipfs-api-25.0.0.tgz",
      "integrity": "sha512-s+UYe+ZOkxSxU/J0O731HhuzXlmrpGoe1apj97p0yM8oLo0w1EzgWYe+0gV6A0+15cLsgREBD130gJFDGDw6dg==",
      "requires": {
        "async": "^2.6.1",
        "big.js": "^5.1.2",
        "bl": "^2.0.1",
        "bs58": "^4.0.1",
        "cids": "~0.5.3",
        "concat-stream": "^1.6.2",
        "debug": "^3.1.0",
        "detect-node": "^2.0.3",
        "flatmap": "0.0.3",
        "glob": "^7.1.2",
        "ipfs-block": "~0.7.1",
        "ipfs-unixfs": "~0.1.15",
        "ipld-dag-cbor": "~0.12.1",
        "ipld-dag-pb": "~0.14.6",
        "is-ipfs": "~0.4.2",
        "is-pull-stream": "0.0.0",
        "is-stream": "^1.1.0",
        "libp2p-crypto": "~0.13.0",
        "lodash": "^4.17.11",
        "lru-cache": "^4.1.3",
        "multiaddr": "^5.0.0",
        "multibase": "~0.4.0",
        "multihashes": "~0.4.13",
        "ndjson": "^1.5.0",
        "once": "^1.4.0",
        "peer-id": "~0.11.0",
        "peer-info": "~0.14.1",
        "promisify-es6": "^1.0.3",
        "pull-defer": "~0.2.2",
        "pull-pushable": "^2.2.0",
        "pull-stream-to-stream": "^1.3.4",
        "pump": "^3.0.0",
        "qs": "^6.5.2",
        "readable-stream": "^2.3.6",
        "stream-http": "^3.0.0",
        "stream-to-pull-stream": "^1.7.2",
        "streamifier": "~0.1.1",
        "tar-stream": "^1.6.1"
      }
    },
    "ipfs-block": {
      "version": "0.7.1",
      "resolved": "http://registry.npmjs.org/ipfs-block/-/ipfs-block-0.7.1.tgz",
      "integrity": "sha512-ABZS9J/+OaDwc10zu6pIVdxWnOD/rkPEravk7FRVuRep7/zKSjffNhO/WuHN7Ex+MOBMz7mty0e+i6xjGnRsRQ==",
      "requires": {
        "cids": "^0.5.3",
        "class-is": "^1.1.0"
      }
    },
    "ipfs-unixfs": {
      "version": "0.1.16",
      "resolved": "https://registry.npmjs.org/ipfs-unixfs/-/ipfs-unixfs-0.1.16.tgz",
      "integrity": "sha512-TX9Dyu77MxpLzGh/LcQne95TofOyvOeW0oOi72aBMMcV1ItP3684e6NTG9KY1qzdrC+ZUR8kT7y18J058n8KXg==",
      "requires": {
        "protons": "^1.0.1"
      }
    },
    "ipld-dag-cbor": {
      "version": "0.12.1",
      "resolved": "https://registry.npmjs.org/ipld-dag-cbor/-/ipld-dag-cbor-0.12.1.tgz",
      "integrity": "sha512-m0BR/zR9sKIuY/PydppkpwO0S9w7+ob0as7RN3jQmMIpW9m8HW7hLznvtp1xpYZknH7efUhIaMHgaQP43E5IWQ==",
      "requires": {
        "async": "^2.6.0",
        "borc": "^2.0.2",
        "bs58": "^4.0.1",
        "cids": "~0.5.2",
        "is-circular": "^1.0.1",
        "multihashes": "~0.4.12",
        "multihashing-async": "~0.5.1",
        "traverse": "~0.6.6"
      }
    },
    "ipld-dag-pb": {
      "version": "0.14.11",
      "resolved": "https://registry.npmjs.org/ipld-dag-pb/-/ipld-dag-pb-0.14.11.tgz",
      "integrity": "sha512-ja4FH6elDprVuJBkNObFlq7+9h1Q3aoQx5SSG/v3I9e7j19nwyuMhLJYwBhdv29LiqpyD2cEqNrJLm8lWn0lJg==",
      "requires": {
        "async": "^2.6.1",
        "bs58": "^4.0.1",
        "cids": "~0.5.4",
        "class-is": "^1.1.0",
        "is-ipfs": "~0.4.2",
        "multihashing-async": "~0.5.1",
        "protons": "^1.0.1",
        "pull-stream": "^3.6.9",
        "pull-traverse": "^1.0.3",
        "stable": "~0.1.8"
      }
    },
    "is-circular": {
      "version": "1.0.2",
      "resolved": "https://registry.npmjs.org/is-circular/-/is-circular-1.0.2.tgz",
      "integrity": "sha512-YttjnrswnUYRVJvxCvu8z+PGMUSzC2JttP0OEXezlAEdp3EXzhf7IZ3j0gRAybJBQupedIZFhY61Tga6E0qASA=="
    },
    "is-ipfs": {
      "version": "0.4.7",
      "resolved": "https://registry.npmjs.org/is-ipfs/-/is-ipfs-0.4.7.tgz",
      "integrity": "sha512-u+LzRRA5s2XMJnQ65R60SvRKb8R04ZITbbRMWBESLyLPlJ+J78zaXZzNZBIf4SQ0pnWioMNCpiIV4hw098MgOQ==",
      "requires": {
        "bs58": "4.0.1",
        "cids": "~0.5.5",
        "multibase": "~0.4.0",
        "multihashes": "~0.4.13"
      }
    },
    "is-promise": {
      "version": "1.0.1",
      "resolved": "https://registry.npmjs.org/is-promise/-/is-promise-1.0.1.tgz",
      "integrity": "sha1-MVc3YcBX4zwukaq56W2gjO++duU="
    },
    "is-pull-stream": {
      "version": "0.0.0",
      "resolved": "https://registry.npmjs.org/is-pull-stream/-/is-pull-stream-0.0.0.tgz",
      "integrity": "sha1-o7w9HG0wVRUcRr3m85nv7SFEDKk="
    },
    "is-stream": {
      "version": "1.1.0",
      "resolved": "https://registry.npmjs.org/is-stream/-/is-stream-1.1.0.tgz",
      "integrity": "sha1-EtSj3U5o4Lec6428hBc66A2RykQ="
    },
    "isarray": {
      "version": "1.0.0",
      "resolved": "https://registry.npmjs.org/isarray/-/isarray-1.0.0.tgz",
      "integrity": "sha1-u5NdSFgsuhaMBoNJV6VKPgcSTxE="
    },
    "js-sha3": {
      "version": "0.7.0",
      "resolved": "https://registry.npmjs.org/js-sha3/-/js-sha3-0.7.0.tgz",
      "integrity": "sha512-Wpks3yBDm0UcL5qlVhwW9Jr9n9i4FfeWBFOOXP5puDS/SiudJGhw7DPyBqn3487qD4F0lsC0q3zxink37f7zeA=="
    },
    "jsbn": {
      "version": "1.1.0",
      "resolved": "https://registry.npmjs.org/jsbn/-/jsbn-1.1.0.tgz",
      "integrity": "sha1-sBMHyym2GKHtJux56RH4A8TaAEA="
    },
    "json-stringify-safe": {
      "version": "5.0.1",
      "resolved": "https://registry.npmjs.org/json-stringify-safe/-/json-stringify-safe-5.0.1.tgz",
      "integrity": "sha1-Epai1Y/UXxmg9s4B1lcB4sc1tus="
    },
    "json-text-sequence": {
      "version": "0.1.1",
      "resolved": "https://registry.npmjs.org/json-text-sequence/-/json-text-sequence-0.1.1.tgz",
      "integrity": "sha1-py8hfcSvxGKf/1/rME3BvVGi89I=",
      "requires": {
        "delimit-stream": "0.1.0"
      }
    },
    "keypair": {
      "version": "1.0.1",
      "resolved": "https://registry.npmjs.org/keypair/-/keypair-1.0.1.tgz",
      "integrity": "sha1-dgNxknCvtlZO04oiCHoG/Jqk6hs="
    },
    "libp2p-crypto": {
      "version": "0.13.0",
      "resolved": "http://registry.npmjs.org/libp2p-crypto/-/libp2p-crypto-0.13.0.tgz",
      "integrity": "sha512-i3r1TBec/xYmC5bcpPiIs3OyUAU3iy53OdRdxqawKoWTQPjYB+TyQ4w+otT66Y0sMcw70O0wH3GFAfPmQgFn+g==",
      "requires": {
        "asn1.js": "^5.0.0",
        "async": "^2.6.0",
        "browserify-aes": "^1.2.0",
        "bs58": "^4.0.1",
        "keypair": "^1.0.1",
        "libp2p-crypto-secp256k1": "~0.2.2",
        "multihashing-async": "~0.4.8",
        "node-forge": "^0.7.5",
        "pem-jwk": "^1.5.1",
        "protons": "^1.0.1",
        "rsa-pem-to-jwk": "^1.1.3",
        "tweetnacl": "^1.0.0",
        "webcrypto-shim": "github:dignifiedquire/webcrypto-shim#190bc9ec341375df6025b17ae12ddb2428ea49c8"
      },
      "dependencies": {
        "multihashing-async": {
          "version": "0.4.8",
          "resolved": "https://registry.npmjs.org/multihashing-async/-/multihashing-async-0.4.8.tgz",
          "integrity": "sha512-LCc4lfxmTJOHKIjZjFNgvmfB6nXS/ErLInT9uwU8udFrRm2PH+aTPk3mfCREKmCiSHOlCWiv2O8rlnBx+OjlMw==",
          "requires": {
            "async": "^2.6.0",
            "blakejs": "^1.1.0",
            "js-sha3": "^0.7.0",
            "multihashes": "~0.4.13",
            "murmurhash3js": "^3.0.1",
            "nodeify": "^1.0.1"
          }
        }
      }
    },
    "libp2p-crypto-secp256k1": {
      "version": "0.2.2",
      "resolved": "https://registry.npmjs.org/libp2p-crypto-secp256k1/-/libp2p-crypto-secp256k1-0.2.2.tgz",
      "integrity": "sha1-DdUh8Yq8TjahUuJOmzYwewrpzwU=",
      "requires": {
        "async": "^2.5.0",
        "multihashing-async": "~0.4.6",
        "nodeify": "^1.0.1",
        "safe-buffer": "^5.1.1",
        "secp256k1": "^3.3.0"
      },
      "dependencies": {
        "multihashing-async": {
          "version": "0.4.8",
          "resolved": "https://registry.npmjs.org/multihashing-async/-/multihashing-async-0.4.8.tgz",
          "integrity": "sha512-LCc4lfxmTJOHKIjZjFNgvmfB6nXS/ErLInT9uwU8udFrRm2PH+aTPk3mfCREKmCiSHOlCWiv2O8rlnBx+OjlMw==",
          "requires": {
            "async": "^2.6.0",
            "blakejs": "^1.1.0",
            "js-sha3": "^0.7.0",
            "multihashes": "~0.4.13",
            "murmurhash3js": "^3.0.1",
            "nodeify": "^1.0.1"
          }
        }
      }
    },
    "lodash": {
      "version": "4.17.11",
      "resolved": "https://registry.npmjs.org/lodash/-/lodash-4.17.11.tgz",
      "integrity": "sha512-cQKh8igo5QUhZ7lg38DYWAxMvjSAKG0A8wGSVimP07SIUEK2UO+arSRKbRZWtelMtN5V0Hkwh5ryOto/SshYIg=="
    },
    "lodash.filter": {
      "version": "4.6.0",
      "resolved": "https://registry.npmjs.org/lodash.filter/-/lodash.filter-4.6.0.tgz",
      "integrity": "sha1-ZosdSYFgOuHMWm+nYBQ+SAtMSs4="
    },
    "lodash.find": {
      "version": "4.6.0",
      "resolved": "https://registry.npmjs.org/lodash.find/-/lodash.find-4.6.0.tgz",
      "integrity": "sha1-ywcE1Hq3F4n/oN6Ll92Sb7iLE7E="
    },
    "lodash.map": {
      "version": "4.6.0",
      "resolved": "https://registry.npmjs.org/lodash.map/-/lodash.map-4.6.0.tgz",
      "integrity": "sha1-dx7Hg540c9nEzeKLGTlMNWL09tM="
    },
    "lodash.max": {
      "version": "4.0.1",
      "resolved": "https://registry.npmjs.org/lodash.max/-/lodash.max-4.0.1.tgz",
      "integrity": "sha1-hzVWbGGLNan3YFILSHrnllivE2o="
    },
    "lodash.merge": {
      "version": "4.6.1",
      "resolved": "https://registry.npmjs.org/lodash.merge/-/lodash.merge-4.6.1.tgz",
      "integrity": "sha512-AOYza4+Hf5z1/0Hztxpm2/xiPZgi/cjMqdnKTUWTBSKchJlxXXuUSxCCl8rJlf4g6yww/j6mA8nC8Hw/EZWxKQ=="
    },
    "lodash.padstart": {
      "version": "4.6.1",
      "resolved": "https://registry.npmjs.org/lodash.padstart/-/lodash.padstart-4.6.1.tgz",
      "integrity": "sha1-0uPuv/DZ05rVD1y9G1KnvOa7YRs="
    },
    "lodash.repeat": {
      "version": "4.1.0",
      "resolved": "https://registry.npmjs.org/lodash.repeat/-/lodash.repeat-4.1.0.tgz",
      "integrity": "sha1-/H3oEx2MisB+S0n3T/6CnR8r7EQ="
    },
    "lodash.uniqby": {
      "version": "4.7.0",
      "resolved": "https://registry.npmjs.org/lodash.uniqby/-/lodash.uniqby-4.7.0.tgz",
      "integrity": "sha1-2ZwHpmnp5tJOE2Lf4mbGdhavEwI="
    },
    "looper": {
      "version": "3.0.0",
      "resolved": "https://registry.npmjs.org/looper/-/looper-3.0.0.tgz",
      "integrity": "sha1-LvpUw7HLq6m5Su4uWRSwvlf7t0k="
    },
    "lru-cache": {
      "version": "4.1.3",
      "resolved": "https://registry.npmjs.org/lru-cache/-/lru-cache-4.1.3.tgz",
      "integrity": "sha512-fFEhvcgzuIoJVUF8fYr5KR0YqxD238zgObTps31YdADwPPAp82a4M8TrckkWyx7ekNlf9aBcVn81cFwwXngrJA==",
      "requires": {
        "pseudomap": "^1.0.2",
        "yallist": "^2.1.2"
      }
    },
    "mafmt": {
      "version": "6.0.2",
      "resolved": "https://registry.npmjs.org/mafmt/-/mafmt-6.0.2.tgz",
      "integrity": "sha512-+ydrVDp/bo2GPTNN0378AFX66IJBlbrIBY0RaILWC9AICr9kviX5fonHeKsZiesEuuYetQeRhnZPL/J2k8vHAA==",
      "requires": {
        "multiaddr": "^5.0.0"
      }
    },
    "md5.js": {
      "version": "1.3.5",
      "resolved": "https://registry.npmjs.org/md5.js/-/md5.js-1.3.5.tgz",
      "integrity": "sha512-xitP+WxNPcTTOgnTJcrhM0xvdPepipPSf3I8EIpGKeFLjt3PlJLIDG3u8EX53ZIubkb+5U2+3rELYpEhHhzdkg==",
      "requires": {
        "hash-base": "^3.0.0",
        "inherits": "^2.0.1",
        "safe-buffer": "^5.1.2"
      }
    },
    "minimalistic-assert": {
      "version": "1.0.1",
      "resolved": "https://registry.npmjs.org/minimalistic-assert/-/minimalistic-assert-1.0.1.tgz",
      "integrity": "sha512-UtJcAD4yEaGtjPezWuO9wC4nwUnVH/8/Im3yEHQP4b67cXlD/Qr9hdITCU1xDbSEXg2XKNaP8jsReV7vQd00/A=="
    },
    "minimalistic-crypto-utils": {
      "version": "1.0.1",
      "resolved": "https://registry.npmjs.org/minimalistic-crypto-utils/-/minimalistic-crypto-utils-1.0.1.tgz",
      "integrity": "sha1-9sAMHAsIIkblxNmd+4x8CDsrWCo="
    },
    "minimatch": {
      "version": "3.0.4",
      "resolved": "https://registry.npmjs.org/minimatch/-/minimatch-3.0.4.tgz",
      "integrity": "sha512-yJHVQEhyqPLUTgt9B83PXu6W3rx4MvvHvSUvToogpwoGDOUQ+yDrR0HRot+yOCdCO7u4hX3pWft6kWBBcqh0UA==",
      "requires": {
        "brace-expansion": "^1.1.7"
      }
    },
    "minimist": {
      "version": "1.2.0",
      "resolved": "http://registry.npmjs.org/minimist/-/minimist-1.2.0.tgz",
      "integrity": "sha1-o1AIsg9BOD7sH7kU9M1d95omQoQ="
    },
    "ms": {
      "version": "2.1.1",
      "resolved": "https://registry.npmjs.org/ms/-/ms-2.1.1.tgz",
      "integrity": "sha512-tgp+dl5cGk28utYktBsrFqA7HKgrhgPsg6Z/EfhWI4gl1Hwq8B/GmY/0oXZ6nF8hDVesS/FpnYaD/kOWhYQvyg=="
    },
    "multiaddr": {
      "version": "5.0.0",
      "resolved": "https://registry.npmjs.org/multiaddr/-/multiaddr-5.0.0.tgz",
      "integrity": "sha512-IMEo+iCv53MT8c/6SQWbJpJUEENTYr6qp7o635BKJLQG2nkxOIO9LSEFhF5e56Az+DkmI6HGAAjp69AT7Sjulw==",
      "requires": {
        "bs58": "^4.0.1",
        "class-is": "^1.1.0",
        "ip": "^1.1.5",
        "ip-address": "^5.8.9",
        "lodash.filter": "^4.6.0",
        "lodash.map": "^4.6.0",
        "varint": "^5.0.0",
        "xtend": "^4.0.1"
      }
    },
    "multibase": {
      "version": "0.4.0",
      "resolved": "https://registry.npmjs.org/multibase/-/multibase-0.4.0.tgz",
      "integrity": "sha512-fnYvZJWDn3eSJ7EeWvS8zbOpRwuyPHpDggSnqGXkQMvYED5NdO9nyqnZboGvAT+r/60J8KZ09tW8YJHkS22sFw==",
      "requires": {
        "base-x": "3.0.4"
      }
    },
    "multicodec": {
      "version": "0.2.7",
      "resolved": "https://registry.npmjs.org/multicodec/-/multicodec-0.2.7.tgz",
      "integrity": "sha512-96xc9zs7bsclMW0Po9ERnRFqcsWHY8OZ8JW/I8DeHG58YYJZy3cBGI00Ze7hz9Ix56DNHMTSxEj9cgoZByruMg==",
      "requires": {
        "varint": "^5.0.0"
      }
    },
    "multihashes": {
      "version": "0.4.14",
      "resolved": "https://registry.npmjs.org/multihashes/-/multihashes-0.4.14.tgz",
      "integrity": "sha512-V/g/EIN6nALXfS/xHUAgtfPP3mn3sPIF/i9beuGKf25QXS2QZYCpeVJbDPEannkz32B2fihzCe2D/KMrbcmefg==",
      "requires": {
        "bs58": "^4.0.1",
        "varint": "^5.0.0"
      }
    },
    "multihashing-async": {
      "version": "0.5.1",
      "resolved": "https://registry.npmjs.org/multihashing-async/-/multihashing-async-0.5.1.tgz",
      "integrity": "sha512-Ft5lQNcJCfsns1QN1TDXqPZrrNwBYqIokprYJR2h2Jj01x0GFcYmJYAqHvme6vJoyI3XptEcmZpdr9g5Oy7q3Q==",
      "requires": {
        "async": "^2.6.1",
        "blakejs": "^1.1.0",
        "js-sha3": "^0.7.0",
        "multihashes": "~0.4.13",
        "murmurhash3js": "^3.0.1",
        "nodeify": "^1.0.1"
      }
    },
    "murmurhash3js": {
      "version": "3.0.1",
      "resolved": "https://registry.npmjs.org/murmurhash3js/-/murmurhash3js-3.0.1.tgz",
      "integrity": "sha1-Ppg+W0fCoG9DpxMXTn5DXKBEuZg="
    },
    "nan": {
      "version": "2.11.1",
      "resolved": "https://registry.npmjs.org/nan/-/nan-2.11.1.tgz",
      "integrity": "sha512-iji6k87OSXa0CcrLl9z+ZiYSuR2o+c0bGuNmXdrhTQTakxytAFsC56SArGYoiHlJlFoHSnvmhpceZJaXkVuOtA=="
    },
    "ndjson": {
      "version": "1.5.0",
      "resolved": "https://registry.npmjs.org/ndjson/-/ndjson-1.5.0.tgz",
      "integrity": "sha1-rmA7NrE0vOw0e0UkIrC/mNWDLsg=",
      "requires": {
        "json-stringify-safe": "^5.0.1",
        "minimist": "^1.2.0",
        "split2": "^2.1.0",
        "through2": "^2.0.3"
      }
    },
    "node-forge": {
      "version": "0.7.6",
      "resolved": "https://registry.npmjs.org/node-forge/-/node-forge-0.7.6.tgz",
      "integrity": "sha512-sol30LUpz1jQFBjOKwbjxijiE3b6pjd74YwfD0fJOKPjF+fONKb2Yg8rYgS6+bK6VDl+/wfr4IYpC7jDzLUIfw=="
    },
    "nodeify": {
      "version": "1.0.1",
      "resolved": "https://registry.npmjs.org/nodeify/-/nodeify-1.0.1.tgz",
      "integrity": "sha1-ZKtpp7268DzhB7TwM1yHwLnpGx0=",
      "requires": {
        "is-promise": "~1.0.0",
        "promise": "~1.3.0"
      }
    },
    "object-assign": {
      "version": "2.1.1",
      "resolved": "https://registry.npmjs.org/object-assign/-/object-assign-2.1.1.tgz",
      "integrity": "sha1-Q8NuXVaf+OSBbE76i+AtJpZ8GKo="
    },
    "once": {
      "version": "1.4.0",
      "resolved": "https://registry.npmjs.org/once/-/once-1.4.0.tgz",
      "integrity": "sha1-WDsap3WWHUsROsF9nFC6753Xa9E=",
      "requires": {
        "wrappy": "1"
      }
    },
    "optimist": {
      "version": "0.3.7",
      "resolved": "https://registry.npmjs.org/optimist/-/optimist-0.3.7.tgz",
      "integrity": "sha1-yQlBrVnkJzMokjB00s8ufLxuwNk=",
      "requires": {
        "wordwrap": "~0.0.2"
      }
    },
    "path-is-absolute": {
      "version": "1.0.1",
      "resolved": "https://registry.npmjs.org/path-is-absolute/-/path-is-absolute-1.0.1.tgz",
      "integrity": "sha1-F0uSaHNVNP+8es5r9TpanhtcX18="
    },
    "peer-id": {
      "version": "0.11.0",
      "resolved": "https://registry.npmjs.org/peer-id/-/peer-id-0.11.0.tgz",
      "integrity": "sha512-C/lRJk4CWIgOdKvfO572NvHbPcUwe49I6G0toIhDB5tCohqv/qzy0uBcAK9Ww8TvYI6U4J3C8ACShV9fWjNU4w==",
      "requires": {
        "async": "^2.6.1",
        "libp2p-crypto": "~0.13.0",
        "lodash": "^4.17.10",
        "multihashes": "~0.4.13"
      }
    },
    "peer-info": {
      "version": "0.14.1",
      "resolved": "https://registry.npmjs.org/peer-info/-/peer-info-0.14.1.tgz",
      "integrity": "sha512-I9K+q7sisU0gg5ej6ekbhgolwlcm1tc2wDtLmumptoLYx0DkIT8WVHtgoTnupYwRRqcYADtwddFdiXfb8QFqzg==",
      "requires": {
        "lodash.uniqby": "^4.7.0",
        "mafmt": "^6.0.0",
        "multiaddr": "^4.0.0",
        "peer-id": "~0.10.7"
      },
      "dependencies": {
        "libp2p-crypto": {
          "version": "0.12.1",
          "resolved": "http://registry.npmjs.org/libp2p-crypto/-/libp2p-crypto-0.12.1.tgz",
          "integrity": "sha512-1/z8rxZ0DcQNreZhEsl7PnLr7DWOioSvYbKBLGkRwNRiNh1JJLgh0PdTySBb44wkrOGT+TxcGRd7iq3/X6Wxwg==",
          "requires": {
            "asn1.js": "^5.0.0",
            "async": "^2.6.0",
            "browserify-aes": "^1.1.1",
            "bs58": "^4.0.1",
            "keypair": "^1.0.1",
            "libp2p-crypto-secp256k1": "~0.2.2",
            "multihashing-async": "~0.4.7",
            "node-forge": "^0.7.1",
            "pem-jwk": "^1.5.1",
            "protons": "^1.0.1",
            "rsa-pem-to-jwk": "^1.1.3",
            "tweetnacl": "^1.0.0",
            "webcrypto-shim": "github:dignifiedquire/webcrypto-shim#190bc9ec341375df6025b17ae12ddb2428ea49c8"
          }
        },
        "multiaddr": {
          "version": "4.0.0",
          "resolved": "https://registry.npmjs.org/multiaddr/-/multiaddr-4.0.0.tgz",
          "integrity": "sha512-zUatrOCfBd/tJNOSoJ10d2EI2FDXB9PyPZhqUMdXE9mOyR3C+HLuOjga2Ga/eChwvEHIpTYRMoIKF2Nv7af2qQ==",
          "requires": {
            "bs58": "^4.0.1",
            "class-is": "^1.1.0",
            "ip": "^1.1.5",
            "ip-address": "^5.8.9",
            "lodash.filter": "^4.6.0",
            "lodash.map": "^4.6.0",
            "varint": "^5.0.0",
            "xtend": "^4.0.1"
          }
        },
        "multihashing-async": {
          "version": "0.4.8",
          "resolved": "https://registry.npmjs.org/multihashing-async/-/multihashing-async-0.4.8.tgz",
          "integrity": "sha512-LCc4lfxmTJOHKIjZjFNgvmfB6nXS/ErLInT9uwU8udFrRm2PH+aTPk3mfCREKmCiSHOlCWiv2O8rlnBx+OjlMw==",
          "requires": {
            "async": "^2.6.0",
            "blakejs": "^1.1.0",
            "js-sha3": "^0.7.0",
            "multihashes": "~0.4.13",
            "murmurhash3js": "^3.0.1",
            "nodeify": "^1.0.1"
          }
        },
        "peer-id": {
          "version": "0.10.7",
          "resolved": "http://registry.npmjs.org/peer-id/-/peer-id-0.10.7.tgz",
          "integrity": "sha512-VEpMFcL9q0NQijmR0jsj38OGbY4yzaWMEareVkDahopmlNT+Cpsot8btPgsgBBApP9NiZj2Enwvh8rZN30ocQw==",
          "requires": {
            "async": "^2.6.0",
            "libp2p-crypto": "~0.12.1",
            "lodash": "^4.17.5",
            "multihashes": "~0.4.13"
          }
        }
      }
    },
    "pem-jwk": {
      "version": "1.5.1",
      "resolved": "https://registry.npmjs.org/pem-jwk/-/pem-jwk-1.5.1.tgz",
      "integrity": "sha1-eoY3/S9nqCflfAxC4cI8P9Us+wE=",
      "requires": {
        "asn1.js": "1.0.3"
      },
      "dependencies": {
        "asn1.js": {
          "version": "1.0.3",
          "resolved": "https://registry.npmjs.org/asn1.js/-/asn1.js-1.0.3.tgz",
          "integrity": "sha1-KBuj7B8kSP52X5Kk7s+IP+E2S1Q=",
          "requires": {
            "bn.js": "^1.0.0",
            "inherits": "^2.0.1",
            "minimalistic-assert": "^1.0.0"
          }
        },
        "bn.js": {
          "version": "1.3.0",
          "resolved": "https://registry.npmjs.org/bn.js/-/bn.js-1.3.0.tgz",
          "integrity": "sha1-DbTL+W+PI7dC9by50ap6mZSgXoM=",
          "optional": true
        }
      }
    },
    "process-nextick-args": {
      "version": "2.0.0",
      "resolved": "https://registry.npmjs.org/process-nextick-args/-/process-nextick-args-2.0.0.tgz",
      "integrity": "sha512-MtEC1TqN0EU5nephaJ4rAtThHtC86dNN9qCuEhtshvpVBkAW5ZO7BASN9REnF9eoXGcRub+pFuKEpOHE+HbEMw=="
    },
    "promise": {
      "version": "1.3.0",
      "resolved": "http://registry.npmjs.org/promise/-/promise-1.3.0.tgz",
      "integrity": "sha1-5cyaTIJ45GZP/twBx9qEhCsEAXU=",
      "requires": {
        "is-promise": "~1"
      }
    },
    "promisify-es6": {
      "version": "1.0.3",
      "resolved": "https://registry.npmjs.org/promisify-es6/-/promisify-es6-1.0.3.tgz",
      "integrity": "sha512-N9iVG+CGJsI4b4ZGazjwLnxErD2d9Pe4DPvvXSxYA9tFNu8ymXME4Qs5HIQ0LMJpNM7zj+m0NlNnNeqFpKzqnA=="
    },
    "protocol-buffers-schema": {
      "version": "3.3.2",
      "resolved": "https://registry.npmjs.org/protocol-buffers-schema/-/protocol-buffers-schema-3.3.2.tgz",
      "integrity": "sha512-Xdayp8sB/mU+sUV4G7ws8xtYMGdQnxbeIfLjyO9TZZRJdztBGhlmbI5x1qcY4TG5hBkIKGnc28i7nXxaugu88w=="
    },
    "protons": {
      "version": "1.0.1",
      "resolved": "https://registry.npmjs.org/protons/-/protons-1.0.1.tgz",
      "integrity": "sha512-+0ZKnfVs+4c43tbAQ5j0Mck8wPcLnlxUYzKQoB4iDW4ocdXGnN4P+0dDbgX1FTpoY9+7P2Tn2scJyHHqj+S/lQ==",
      "requires": {
        "protocol-buffers-schema": "^3.3.1",
        "safe-buffer": "^5.1.1",
        "signed-varint": "^2.0.1",
        "varint": "^5.0.0"
      }
    },
    "pseudomap": {
      "version": "1.0.2",
      "resolved": "https://registry.npmjs.org/pseudomap/-/pseudomap-1.0.2.tgz",
      "integrity": "sha1-8FKijacOYYkX7wqKw0wa5aaChrM="
    },
    "pull-defer": {
      "version": "0.2.3",
      "resolved": "https://registry.npmjs.org/pull-defer/-/pull-defer-0.2.3.tgz",
      "integrity": "sha512-/An3KE7mVjZCqNhZsr22k1Tx8MACnUnHZZNPSJ0S62td8JtYr/AiRG42Vz7Syu31SoTLUzVIe61jtT/pNdjVYA=="
    },
    "pull-pushable": {
      "version": "2.2.0",
      "resolved": "https://registry.npmjs.org/pull-pushable/-/pull-pushable-2.2.0.tgz",
      "integrity": "sha1-Xy867UethpGfAbEqLpnW8b13ZYE="
    },
    "pull-stream": {
      "version": "3.6.9",
      "resolved": "https://registry.npmjs.org/pull-stream/-/pull-stream-3.6.9.tgz",
      "integrity": "sha512-hJn4POeBrkttshdNl0AoSCVjMVSuBwuHocMerUdoZ2+oIUzrWHFTwJMlbHND7OiKLVgvz6TFj8ZUVywUMXccbw=="
    },
    "pull-stream-to-stream": {
      "version": "1.3.4",
      "resolved": "https://registry.npmjs.org/pull-stream-to-stream/-/pull-stream-to-stream-1.3.4.tgz",
      "integrity": "sha1-P4HYIWvRjSv9GhmBkEcRgOJzg5k="
    },
    "pull-traverse": {
      "version": "1.0.3",
      "resolved": "https://registry.npmjs.org/pull-traverse/-/pull-traverse-1.0.3.tgz",
      "integrity": "sha1-dPtde+f6a9enjpeTPhmbeUWGaTg="
    },
    "pump": {
      "version": "3.0.0",
      "resolved": "https://registry.npmjs.org/pump/-/pump-3.0.0.tgz",
      "integrity": "sha512-LwZy+p3SFs1Pytd/jYct4wpv49HiYCqd9Rlc5ZVdk0V+8Yzv6jR5Blk3TRmPL1ft69TxP0IMZGJ+WPFU2BFhww==",
      "requires": {
        "end-of-stream": "^1.1.0",
        "once": "^1.3.1"
      }
    },
    "qs": {
      "version": "6.5.2",
      "resolved": "https://registry.npmjs.org/qs/-/qs-6.5.2.tgz",
      "integrity": "sha512-N5ZAX4/LxJmF+7wN74pUD6qAh9/wnvdQcjq9TZjevvXzSUo7bfmw91saqMjzGS2xq91/odN2dW/WOl7qQHNDGA=="
    },
    "readable-stream": {
      "version": "2.3.6",
      "resolved": "http://registry.npmjs.org/readable-stream/-/readable-stream-2.3.6.tgz",
      "integrity": "sha512-tQtKA9WIAhBF3+VLAseyMqZeBjW0AHJoxOtYqSUZNJxauErmLbVm2FW1y+J/YA9dUrAC39ITejlZWhVIwawkKw==",
      "requires": {
        "core-util-is": "~1.0.0",
        "inherits": "~2.0.3",
        "isarray": "~1.0.0",
        "process-nextick-args": "~2.0.0",
        "safe-buffer": "~5.1.1",
        "string_decoder": "~1.1.1",
        "util-deprecate": "~1.0.1"
      }
    },
    "ripemd160": {
      "version": "2.0.2",
      "resolved": "https://registry.npmjs.org/ripemd160/-/ripemd160-2.0.2.tgz",
      "integrity": "sha512-ii4iagi25WusVoiC4B4lq7pbXfAp3D9v5CwfkY33vffw2+pkDjY1D8GaN7spsxvCSx8dkPqOZCEZyfxcmJG2IA==",
      "requires": {
        "hash-base": "^3.0.0",
        "inherits": "^2.0.1"
      }
    },
    "rsa-pem-to-jwk": {
      "version": "1.1.3",
      "resolved": "https://registry.npmjs.org/rsa-pem-to-jwk/-/rsa-pem-to-jwk-1.1.3.tgz",
      "integrity": "sha1-JF52vbfnI0z+58oDLTG1TDj6uY4=",
      "requires": {
        "object-assign": "^2.0.0",
        "rsa-unpack": "0.0.6"
      }
    },
    "rsa-unpack": {
      "version": "0.0.6",
      "resolved": "https://registry.npmjs.org/rsa-unpack/-/rsa-unpack-0.0.6.tgz",
      "integrity": "sha1-9Q69VqYoN45jHylxYQJs6atO3bo=",
      "requires": {
        "optimist": "~0.3.5"
      }
    },
    "safe-buffer": {
      "version": "5.1.2",
      "resolved": "https://registry.npmjs.org/safe-buffer/-/safe-buffer-5.1.2.tgz",
      "integrity": "sha512-Gd2UZBJDkXlY7GbJxfsE8/nvKkUEU1G38c1siN6QP6a9PT9MmHB8GnpscSmMJSoF8LOIrt8ud/wPtojys4G6+g=="
    },
    "secp256k1": {
      "version": "3.5.2",
      "resolved": "https://registry.npmjs.org/secp256k1/-/secp256k1-3.5.2.tgz",
      "integrity": "sha512-iin3kojdybY6NArd+UFsoTuapOF7bnJNf2UbcWXaY3z+E1sJDipl60vtzB5hbO/uquBu7z0fd4VC4Irp+xoFVQ==",
      "requires": {
        "bindings": "^1.2.1",
        "bip66": "^1.1.3",
        "bn.js": "^4.11.3",
        "create-hash": "^1.1.2",
        "drbg.js": "^1.0.1",
        "elliptic": "^6.2.3",
        "nan": "^2.2.1",
        "safe-buffer": "^5.1.0"
      }
    },
    "sha.js": {
      "version": "2.4.11",
      "resolved": "http://registry.npmjs.org/sha.js/-/sha.js-2.4.11.tgz",
      "integrity": "sha512-QMEp5B7cftE7APOjk5Y6xgrbWu+WkLVQwk8JNjZ8nKRciZaByEW6MubieAiToS7+dwvrjGhH8jRXz3MVd0AYqQ==",
      "requires": {
        "inherits": "^2.0.1",
        "safe-buffer": "^5.0.1"
      }
    },
    "signed-varint": {
      "version": "2.0.1",
      "resolved": "https://registry.npmjs.org/signed-varint/-/signed-varint-2.0.1.tgz",
      "integrity": "sha1-UKmYnafJjCxh2tEZvJdHDvhSgSk=",
      "requires": {
        "varint": "~5.0.0"
      }
    },
    "split2": {
      "version": "2.2.0",
      "resolved": "https://registry.npmjs.org/split2/-/split2-2.2.0.tgz",
      "integrity": "sha512-RAb22TG39LhI31MbreBgIuKiIKhVsawfTgEGqKHTK87aG+ul/PB8Sqoi3I7kVdRWiCfrKxK3uo4/YUkpNvhPbw==",
      "requires": {
        "through2": "^2.0.2"
      }
    },
    "sprintf-js": {
      "version": "1.1.0",
      "resolved": "https://registry.npmjs.org/sprintf-js/-/sprintf-js-1.1.0.tgz",
      "integrity": "sha1-z/yvcC2vZeo5u04PorKZzsGhvkY="
    },
    "stable": {
      "version": "0.1.8",
      "resolved": "https://registry.npmjs.org/stable/-/stable-0.1.8.tgz",
      "integrity": "sha512-ji9qxRnOVfcuLDySj9qzhGSEFVobyt1kIOSkj1qZzYLzq7Tos/oUUWvotUPQLlrsidqsK6tBH89Bc9kL5zHA6w=="
    },
    "stream-http": {
      "version": "3.0.0",
      "resolved": "https://registry.npmjs.org/stream-http/-/stream-http-3.0.0.tgz",
      "integrity": "sha512-JELJfd+btL9GHtxU3+XXhg9NLYrKFnhybfvRuDghtyVkOFydz3PKNT1df07AMr88qW03WHF+FSV0PySpXignCA==",
      "requires": {
        "builtin-status-codes": "^3.0.0",
        "inherits": "^2.0.1",
        "readable-stream": "^3.0.6",
        "xtend": "^4.0.0"
      },
      "dependencies": {
        "readable-stream": {
          "version": "3.0.6",
          "resolved": "https://registry.npmjs.org/readable-stream/-/readable-stream-3.0.6.tgz",
          "integrity": "sha512-9E1oLoOWfhSXHGv6QlwXJim7uNzd9EVlWK+21tCU9Ju/kR0/p2AZYPz4qSchgO8PlLIH4FpZYfzwS+rEksZjIg==",
          "requires": {
            "inherits": "^2.0.3",
            "string_decoder": "^1.1.1",
            "util-deprecate": "^1.0.1"
          }
        }
      }
    },
    "stream-to-pull-stream": {
      "version": "1.7.2",
      "resolved": "https://registry.npmjs.org/stream-to-pull-stream/-/stream-to-pull-stream-1.7.2.tgz",
      "integrity": "sha1-dXYJrhzr0zx0MtSvvjH/eGULnd4=",
      "requires": {
        "looper": "^3.0.0",
        "pull-stream": "^3.2.3"
      }
    },
    "streamifier": {
      "version": "0.1.1",
      "resolved": "https://registry.npmjs.org/streamifier/-/streamifier-0.1.1.tgz",
      "integrity": "sha1-l+mNj6TRBdYqJpHR3AfoINuN/E8="
    },
    "string_decoder": {
      "version": "1.1.1",
      "resolved": "https://registry.npmjs.org/string_decoder/-/string_decoder-1.1.1.tgz",
      "integrity": "sha512-n/ShnvDi6FHbbVfviro+WojiFzv+s8MPMHBczVePfUpDJLwoLT0ht1l4YwBCbi8pJAveEEdnkHyPyTP/mzRfwg==",
      "requires": {
        "safe-buffer": "~5.1.0"
      }
    },
    "tar-stream": {
      "version": "1.6.2",
      "resolved": "https://registry.npmjs.org/tar-stream/-/tar-stream-1.6.2.tgz",
      "integrity": "sha512-rzS0heiNf8Xn7/mpdSVVSMAWAoy9bfb1WOTYC78Z0UQKeKa/CWS8FOq0lKGNa8DWKAn9gxjCvMLYc5PGXYlK2A==",
      "requires": {
        "bl": "^1.0.0",
        "buffer-alloc": "^1.2.0",
        "end-of-stream": "^1.0.0",
        "fs-constants": "^1.0.0",
        "readable-stream": "^2.3.0",
        "to-buffer": "^1.1.1",
        "xtend": "^4.0.0"
      },
      "dependencies": {
        "bl": {
          "version": "1.2.2",
          "resolved": "http://registry.npmjs.org/bl/-/bl-1.2.2.tgz",
          "integrity": "sha512-e8tQYnZodmebYDWGH7KMRvtzKXaJHx3BbilrgZCfvyLUYdKpK1t5PSPmpkny/SgiTSCnjfLW7v5rlONXVFkQEA==",
          "requires": {
            "readable-stream": "^2.3.5",
            "safe-buffer": "^5.1.1"
          }
        }
      }
    },
    "through2": {
      "version": "2.0.3",
      "resolved": "https://registry.npmjs.org/through2/-/through2-2.0.3.tgz",
      "integrity": "sha1-AARWmzfHx0ujnEPzzteNGtlBQL4=",
      "requires": {
        "readable-stream": "^2.1.5",
        "xtend": "~4.0.1"
      }
    },
    "to-buffer": {
      "version": "1.1.1",
      "resolved": "https://registry.npmjs.org/to-buffer/-/to-buffer-1.1.1.tgz",
      "integrity": "sha512-lx9B5iv7msuFYE3dytT+KE5tap+rNYw+K4jVkb9R/asAb+pbBSM17jtunHplhBe6RRJdZx3Pn2Jph24O32mOVg=="
    },
    "traverse": {
      "version": "0.6.6",
      "resolved": "https://registry.npmjs.org/traverse/-/traverse-0.6.6.tgz",
      "integrity": "sha1-y99WD9e5r2MlAv7UD5GMFX6pcTc="
    },
    "tweetnacl": {
      "version": "1.0.0",
      "resolved": "https://registry.npmjs.org/tweetnacl/-/tweetnacl-1.0.0.tgz",
      "integrity": "sha1-cT2LgY2kIGh0C/aDhtBHnmb8ins="
    },
    "typedarray": {
      "version": "0.0.6",
      "resolved": "https://registry.npmjs.org/typedarray/-/typedarray-0.0.6.tgz",
      "integrity": "sha1-hnrHTjhkGHsdPUfZlqeOxciDB3c="
    },
    "util-deprecate": {
      "version": "1.0.2",
      "resolved": "https://registry.npmjs.org/util-deprecate/-/util-deprecate-1.0.2.tgz",
      "integrity": "sha1-RQ1Nyfpw3nMnYvvS1KKJgUGaDM8="
    },
    "varint": {
      "version": "5.0.0",
      "resolved": "https://registry.npmjs.org/varint/-/varint-5.0.0.tgz",
      "integrity": "sha1-2Ca4n3SQcy+rwMDtaT7Uddyynr8="
    },
    "webcrypto-shim": {
      "version": "github:dignifiedquire/webcrypto-shim#190bc9ec341375df6025b17ae12ddb2428ea49c8",
      "from": "github:dignifiedquire/webcrypto-shim#master"
    },
    "wordwrap": {
      "version": "0.0.3",
      "resolved": "https://registry.npmjs.org/wordwrap/-/wordwrap-0.0.3.tgz",
      "integrity": "sha1-o9XabNXAvAAI03I0u68b7WMFkQc="
    },
    "wrappy": {
      "version": "1.0.2",
      "resolved": "https://registry.npmjs.org/wrappy/-/wrappy-1.0.2.tgz",
      "integrity": "sha1-tSQ9jz7BqjXxNkYFvA0QNuMKtp8="
    },
    "xtend": {
      "version": "4.0.1",
      "resolved": "https://registry.npmjs.org/xtend/-/xtend-4.0.1.tgz",
      "integrity": "sha1-pcbVMr5lbiPbgg77lDofBJmNY68="
    },
    "yallist": {
      "version": "2.1.2",
      "resolved": "https://registry.npmjs.org/yallist/-/yallist-2.1.2.tgz",
      "integrity": "sha1-HBH5IY8HYImkfdUS+TxmmaaoHVI="
    }
  }
}
