# THIS IS AN AUTOGENERATED FILE. DO NOT EDIT THIS FILE DIRECTLY.
# yarn lockfile v1


"@ledgerhq/devices@^4.78.0":
  version "4.78.0"
  resolved "https://registry.yarnpkg.com/@ledgerhq/devices/-/devices-4.78.0.tgz#149b572f0616096e2bd5eb14ce14d0061c432be6"
  integrity sha512-tWKS5WM/UU82czihnVjRwz9SXNTQzWjGJ/7+j/xZ70O86nlnGJ1aaFbs5/WTzfrVKpOKgj1ZoZkAswX67i/JTw==
  dependencies:
    "@ledgerhq/errors" "^4.78.0"
    "@ledgerhq/logs" "^4.72.0"
    rxjs "^6.5.3"

"@ledgerhq/errors@^4.78.0":
  version "4.78.0"
  resolved "https://registry.yarnpkg.com/@ledgerhq/errors/-/errors-4.78.0.tgz#23daf3af54d03b1bda3e616002b555da1bdb705a"
  integrity sha512-FX6zHZeiNtegBvXabK6M5dJ+8OV8kQGGaGtuXDeK/Ss5EmG4Ltxc6Lnhe8hiHpm9pCHtktOsnUVL7IFBdHhYUg==

"@ledgerhq/hw-transport-node-hid-noevents@^4.78.0":
  version "4.78.0"
  resolved "https://registry.yarnpkg.com/@ledgerhq/hw-transport-node-hid-noevents/-/hw-transport-node-hid-noevents-4.78.0.tgz#6f0dbe1bbfad6516b42ad2d6b6b34a8b07e4cd46"
  integrity sha512-CJPVR4wksq+apiXH2GnsttguBxmj9zdM2HjqZ3dHZN8SFW/9Xj3k+baS+pYoUISkECVxDrdfaW3Bd5dWv+jPUg==
  dependencies:
    "@ledgerhq/devices" "^4.78.0"
    "@ledgerhq/errors" "^4.78.0"
    "@ledgerhq/hw-transport" "^4.78.0"
    "@ledgerhq/logs" "^4.72.0"
    node-hid "^0.7.9"

"@ledgerhq/hw-transport-node-hid@^4.73.4":
  version "4.78.0"
  resolved "https://registry.yarnpkg.com/@ledgerhq/hw-transport-node-hid/-/hw-transport-node-hid-4.78.0.tgz#abd99e0f918b810a61c035e5ab8c2bd8807aff55"
  integrity sha512-OMrY2ecfQ1XjMAuuHqu3n3agMPR06HN1s0ENrKc+Twbb5A17jujpv07WzjxfTN2V1G7vgeZpRqrg2ulhowWbdg==
  dependencies:
    "@ledgerhq/devices" "^4.78.0"
    "@ledgerhq/errors" "^4.78.0"
    "@ledgerhq/hw-transport" "^4.78.0"
    "@ledgerhq/hw-transport-node-hid-noevents" "^4.78.0"
    "@ledgerhq/logs" "^4.72.0"
    lodash "^4.17.15"
    node-hid "^0.7.9"
    usb "^1.6.0"

"@ledgerhq/hw-transport@^4.78.0":
  version "4.78.0"
  resolved "https://registry.yarnpkg.com/@ledgerhq/hw-transport/-/hw-transport-4.78.0.tgz#714786658e1f2fbc0569e06e2abf8d15d310d931"
  integrity sha512-xQu16OMPQjFYLjqCysij+8sXtdWv2YLxPrB6FoLvEWGTlQ7yL1nUBRQyzyQtWIYqZd4THQowQmzm1VjxuN6SZw==
  dependencies:
    "@ledgerhq/devices" "^4.78.0"
    "@ledgerhq/errors" "^4.78.0"
    events "^3.0.0"

"@ledgerhq/logs@^4.72.0":
  version "4.72.0"
  resolved "https://registry.yarnpkg.com/@ledgerhq/logs/-/logs-4.72.0.tgz#43df23af013ad1135407e5cf33ca6e4c4c7708d5"
  integrity sha512-o+TYF8vBcyySRsb2kqBDv/KMeme8a2nwWoG+lAWzbDmWfb2/MrVWYCVYDYvjXdSoI/Cujqy1i0gIDrkdxa9chA==

ansi-regex@^2.0.0:
  version "2.1.1"
  resolved "https://registry.yarnpkg.com/ansi-regex/-/ansi-regex-2.1.1.tgz#c3b33ab5ee360d86e0e628f0468ae7ef27d654df"

ansi-regex@^3.0.0:
  version "3.0.0"
  resolved "https://registry.yarnpkg.com/ansi-regex/-/ansi-regex-3.0.0.tgz#ed0317c322064f79466c02966bddb605ab37d998"

aproba@^1.0.3:
  version "1.2.0"
  resolved "https://registry.yarnpkg.com/aproba/-/aproba-1.2.0.tgz#6802e6264efd18c790a1b0d517f0f2627bf2c94a"

are-we-there-yet@~1.1.2:
  version "1.1.5"
  resolved "https://registry.yarnpkg.com/are-we-there-yet/-/are-we-there-yet-1.1.5.tgz#4b35c2944f062a8bfcda66410760350fe9ddfc21"
  dependencies:
    delegates "^1.0.0"
    readable-stream "^2.0.6"

babel-runtime@^6.26.0:
  version "6.26.0"
  resolved "https://registry.yarnpkg.com/babel-runtime/-/babel-runtime-6.26.0.tgz#965c7058668e82b55d7bfe04ff2337bc8b5647fe"
  dependencies:
    core-js "^2.4.0"
    regenerator-runtime "^0.11.0"

base64-js@^1.0.2:
  version "1.3.1"
  resolved "https://registry.yarnpkg.com/base64-js/-/base64-js-1.3.1.tgz#58ece8cb75dd07e71ed08c736abc5fac4dbf8df1"
  integrity sha512-mLQ4i2QO1ytvGWFWmcngKO//JXAQueZvwEKtjgQFM4jIK0kU+ytMfplL8j+n5mspOfjHwoAg+9yhb7BwAHm36g==

bindings@^1.4.0, bindings@^1.5.0:
  version "1.5.0"
  resolved "https://registry.yarnpkg.com/bindings/-/bindings-1.5.0.tgz#10353c9e945334bc0511a6d90b38fbc7c9c504df"
  integrity sha512-p2q/t/mhvuOj/UeLlV6566GD/guowlr0hHxClI0W9m7MWYkL1F0hLo+0Aexs9HSPCtR1SXQ0TD3MMKrXZajbiQ==
  dependencies:
    file-uri-to-path "1.0.0"

bl@^4.0.1:
  version "4.0.2"
  resolved "https://registry.yarnpkg.com/bl/-/bl-4.0.2.tgz#52b71e9088515d0606d9dd9cc7aa48dc1f98e73a"
  integrity sha512-j4OH8f6Qg2bGuWfRiltT2HYGx0e1QcBTrK9KAHNMwMZdQnDZFk0ZSYIpADjYCB3U12nicC5tVJwSIhwOWjb4RQ==
  dependencies:
    buffer "^5.5.0"
    inherits "^2.0.4"
    readable-stream "^3.4.0"

buffer@^5.5.0:
  version "5.5.0"
  resolved "https://registry.yarnpkg.com/buffer/-/buffer-5.5.0.tgz#9c3caa3d623c33dd1c7ef584b89b88bf9c9bc1ce"
  integrity sha512-9FTEDjLjwoAkEwyMGDjYJQN2gfRgOKBKRfiglhvibGbpeeU/pQn1bJxQqm32OD/AIeEuHxU9roxXxg34Byp/Ww==
  dependencies:
    base64-js "^1.0.2"
    ieee754 "^1.1.4"

chownr@^1.1.1:
  version "1.1.4"
  resolved "https://registry.yarnpkg.com/chownr/-/chownr-1.1.4.tgz#6fc9d7b42d32a583596337666e7d08084da2cc6b"
  integrity sha512-jJ0bqzaylmJtVnNgzTeSOs8DPavpbYgEr/b0YL8/2GO3xJEhInFmhKMUnEJQjZumK7KXGFhUy89PrsJWlakBVg==

code-point-at@^1.0.0:
  version "1.1.0"
  resolved "https://registry.yarnpkg.com/code-point-at/-/code-point-at-1.1.0.tgz#0d070b4d043a5bea33a2f1a40e2edb3d9a4ccf77"

console-control-strings@^1.0.0, console-control-strings@~1.1.0:
  version "1.1.0"
  resolved "https://registry.yarnpkg.com/console-control-strings/-/console-control-strings-1.1.0.tgz#3d7cf4464db6446ea644bf4b39507f9851008e8e"

core-js@^2.4.0:
  version "2.5.7"
  resolved "https://registry.yarnpkg.com/core-js/-/core-js-2.5.7.tgz#f972608ff0cead68b841a16a932d0b183791814e"

core-util-is@~1.0.0:
  version "1.0.2"
  resolved "https://registry.yarnpkg.com/core-util-is/-/core-util-is-1.0.2.tgz#b5fd54220aa2bc5ab57aab7140c940754503c1a7"

decompress-response@^4.2.0:
  version "4.2.1"
  resolved "https://registry.yarnpkg.com/decompress-response/-/decompress-response-4.2.1.tgz#414023cc7a302da25ce2ec82d0d5238ccafd8986"
  integrity sha512-jOSne2qbyE+/r8G1VU+G/82LBs2Fs4LAsTiLSHOCOMZQl2OKZ6i8i4IyHemTe+/yIXOtTcRQMzPcgyhoFlqPkw==
  dependencies:
    mimic-response "^2.0.0"

deep-extend@^0.6.0:
  version "0.6.0"
  resolved "https://registry.yarnpkg.com/deep-extend/-/deep-extend-0.6.0.tgz#c4fa7c95404a17a9c3e8ca7e1537312b736330ac"

delegates@^1.0.0:
  version "1.0.0"
  resolved "https://registry.yarnpkg.com/delegates/-/delegates-1.0.0.tgz#84c6e159b81904fdca59a0ef44cd870d31250f9a"

detect-libc@^1.0.3:
  version "1.0.3"
  resolved "https://registry.yarnpkg.com/detect-libc/-/detect-libc-1.0.3.tgz#fa137c4bd698edf55cd5cd02ac559f91a4c4ba9b"

end-of-stream@^1.1.0:
  version "1.4.1"
  resolved "https://registry.yarnpkg.com/end-of-stream/-/end-of-stream-1.4.1.tgz#ed29634d19baba463b6ce6b80a37213eab71ec43"
  dependencies:
    once "^1.4.0"

end-of-stream@^1.4.1:
  version "1.4.4"
  resolved "https://registry.yarnpkg.com/end-of-stream/-/end-of-stream-1.4.4.tgz#5ae64a5f45057baf3626ec14da0ca5e4b2431eb0"
  integrity sha512-+uw1inIHVPQoaVuHzRyXd21icM+cnt4CzD5rW+NC1wjOUSTOs+Te7FOv7AhN7vS9x/oIyhLP5PR1H+phQAHu5Q==
  dependencies:
    once "^1.4.0"

events@^3.0.0:
  version "3.0.0"
  resolved "https://registry.yarnpkg.com/events/-/events-3.0.0.tgz#9a0a0dfaf62893d92b875b8f2698ca4114973e88"

expand-template@^2.0.3:
  version "2.0.3"
  resolved "https://registry.yarnpkg.com/expand-template/-/expand-template-2.0.3.tgz#6e14b3fcee0f3a6340ecb57d2e8918692052a47c"
  integrity sha512-XYfuKMvj4O35f/pOXLObndIRvyQ+/+6AhODh+OKWj9S9498pHHn/IMszH+gt0fBCRWMNfk1ZSp5x3AifmnI2vg==

file-uri-to-path@1.0.0:
  version "1.0.0"
  resolved "https://registry.yarnpkg.com/file-uri-to-path/-/file-uri-to-path-1.0.0.tgz#553a7b8446ff6f684359c445f1e37a05dacc33dd"
  integrity sha512-0Zt+s3L7Vf1biwWZ29aARiVYLx7iMGnEUl9x33fbB/j3jR81u/O2LbqK+Bm1CDSNDKVtJ/YjwY7TUd5SkeLQLw==

fs-constants@^1.0.0:
  version "1.0.0"
  resolved "https://registry.yarnpkg.com/fs-constants/-/fs-constants-1.0.0.tgz#6be0de9be998ce16af8afc24497b9ee9b7ccd9ad"

gauge@~2.7.3:
  version "2.7.4"
  resolved "https://registry.yarnpkg.com/gauge/-/gauge-2.7.4.tgz#2c03405c7538c39d7eb37b317022e325fb018bf7"
  dependencies:
    aproba "^1.0.3"
    console-control-strings "^1.0.0"
    has-unicode "^2.0.0"
    object-assign "^4.1.0"
    signal-exit "^3.0.0"
    string-width "^1.0.1"
    strip-ansi "^3.0.1"
    wide-align "^1.1.0"

github-from-package@0.0.0:
  version "0.0.0"
  resolved "https://registry.yarnpkg.com/github-from-package/-/github-from-package-0.0.0.tgz#97fb5d96bfde8973313f20e8288ef9a167fa64ce"

has-unicode@^2.0.0:
  version "2.0.1"
  resolved "https://registry.yarnpkg.com/has-unicode/-/has-unicode-2.0.1.tgz#e0e6fe6a28cf51138855e086d1691e771de2a8b9"

ieee754@^1.1.4:
  version "1.1.13"
  resolved "https://registry.yarnpkg.com/ieee754/-/ieee754-1.1.13.tgz#ec168558e95aa181fd87d37f55c32bbcb6708b84"
  integrity sha512-4vf7I2LYV/HaWerSo3XmlMkp5eZ83i+/CDluXi/IGTs/O1sejBNhTtnxzmRZfvOUqj7lZjqHkeTvpgSFDlWZTg==

inherits@^2.0.3, inherits@^2.0.4:
  version "2.0.4"
  resolved "https://registry.yarnpkg.com/inherits/-/inherits-2.0.4.tgz#0fa2c64f932917c3433a0ded55363aae37416b7c"
  integrity sha512-k/vGaX4/Yla3WzyMCvTQOXYeIHvqOKtnqBduzTHpzpQZzAskKMhZ2K+EnBiSM9zGSoIFeMpXKxa4dYeZIQqewQ==

inherits@~2.0.3:
  version "2.0.3"
  resolved "https://registry.yarnpkg.com/inherits/-/inherits-2.0.3.tgz#633c2c83e3da42a502f52466022480f4208261de"

ini@~1.3.0:
  version "1.3.5"
  resolved "https://registry.yarnpkg.com/ini/-/ini-1.3.5.tgz#eee25f56db1c9ec6085e0c22778083f596abf927"

is-fullwidth-code-point@^1.0.0:
  version "1.0.0"
  resolved "https://registry.yarnpkg.com/is-fullwidth-code-point/-/is-fullwidth-code-point-1.0.0.tgz#ef9e31386f031a7f0d643af82fde50c457ef00cb"
  dependencies:
    number-is-nan "^1.0.0"

is-fullwidth-code-point@^2.0.0:
  version "2.0.0"
  resolved "https://registry.yarnpkg.com/is-fullwidth-code-point/-/is-fullwidth-code-point-2.0.0.tgz#a3b30a5c4f199183167aaab93beefae3ddfb654f"

isarray@~1.0.0:
  version "1.0.0"
  resolved "https://registry.yarnpkg.com/isarray/-/isarray-1.0.0.tgz#bb935d48582cba168c06834957a54a3e07124f11"

lodash@^4.17.15:
  version "4.17.20"
  resolved "https://registry.yarnpkg.com/lodash/-/lodash-4.17.20.tgz#b44a9b6297bcb698f1c51a3545a2b3b368d59c52"
  integrity sha512-PlhdFcillOINfeV7Ni6oF1TAEayyZBoZ8bcshTHqOYJYlrqzRK5hagpagky5o4HfCzzd1TRkXPMFq6cKk9rGmA==

mimic-response@^2.0.0:
  version "2.1.0"
  resolved "https://registry.yarnpkg.com/mimic-response/-/mimic-response-2.1.0.tgz#d13763d35f613d09ec37ebb30bac0469c0ee8f43"
  integrity sha512-wXqjST+SLt7R009ySCglWBCFpjUygmCIfD790/kVbiGmUgfYGuB14PiTd5DwVxSV4NcYHjzMkoj5LjQZwTQLEA==

minimist@0.0.8:
  version "0.0.8"
  resolved "https://registry.npmjs.org/minimist/-/minimist-0.0.8.tgz#857fcabfc3397d2625b8228262e86aa7a011b05d"

minimist@^1.2.0:
  version "1.2.0"
  resolved "https://registry.npmjs.org/minimist/-/minimist-1.2.0.tgz#a35008b20f41383eec1fb914f4cd5df79a264284"

mkdirp-classic@^0.5.2:
  version "0.5.2"
  resolved "https://registry.yarnpkg.com/mkdirp-classic/-/mkdirp-classic-0.5.2.tgz#54c441ce4c96cd7790e10b41a87aa51068ecab2b"
  integrity sha512-ejdnDQcR75gwknmMw/tx02AuRs8jCtqFoFqDZMjiNxsu85sRIJVXDKHuLYvUUPRBUtV2FpSZa9bL1BUa3BdR2g==

mkdirp@^0.5.1:
  version "0.5.1"
  resolved "https://registry.npmjs.org/mkdirp/-/mkdirp-0.5.1.tgz#30057438eac6cf7f8c4767f38648d6697d75c903"
  dependencies:
    minimist "0.0.8"

nan@2.13.2:
  version "2.13.2"
  resolved "https://registry.yarnpkg.com/nan/-/nan-2.13.2.tgz#f51dc7ae66ba7d5d55e1e6d4d8092e802c9aefe7"
  integrity sha512-TghvYc72wlMGMVMluVo9WRJc0mB8KxxF/gZ4YYFy7V2ZQX9l7rgbPg7vjS9mt6U5HXODVFVI2bOduCzwOMv/lw==

nan@^2.13.2:
  version "2.14.0"
  resolved "https://registry.yarnpkg.com/nan/-/nan-2.14.0.tgz#7818f722027b2459a86f0295d434d1fc2336c52c"
  integrity sha512-INOFj37C7k3AfaNTtX8RhsTw7qRy7eLET14cROi9+5HAVbbHuIWUHEauBv5qT4Av2tWasiTY1Jw6puUNqRJXQg==

napi-build-utils@^1.0.1:
  version "1.0.2"
  resolved "https://registry.yarnpkg.com/napi-build-utils/-/napi-build-utils-1.0.2.tgz#b1fddc0b2c46e380a0b7a76f984dd47c41a13806"
  integrity sha512-ONmRUqK7zj7DWX0D9ADe03wbwOBZxNAfF20PlGfCWQcD3+/MakShIHrMqx9YwPTfxDdF1zLeL+RGZiR9kGMLdg==

node-abi@^2.7.0:
  version "2.15.0"
  resolved "https://registry.yarnpkg.com/node-abi/-/node-abi-2.15.0.tgz#51d55cc711bd9e4a24a572ace13b9231945ccb10"
  integrity sha512-FeLpTS0F39U7hHZU1srAK4Vx+5AHNVOTP+hxBNQknR/54laTHSFIJkDWDqiquY1LeLUgTfPN7sLPhMubx0PLAg==
  dependencies:
    semver "^5.4.1"

node-hid@^0.7.9:
  version "0.7.9"
  resolved "https://registry.yarnpkg.com/node-hid/-/node-hid-0.7.9.tgz#cc0cdf1418a286a7667f0b63642b5eeb544ccd05"
  integrity sha512-vJnonTqmq3frCyTumJqG4g2IZcny3ynkfmbfDfQ90P3ZhRzcWYS/Um1ux6HFmAxmkaQnrZqIYHcGpL7kdqY8jA==
  dependencies:
    bindings "^1.5.0"
    nan "^2.13.2"
    prebuild-install "^5.3.0"

noop-logger@^0.1.1:
  version "0.1.1"
  resolved "https://registry.yarnpkg.com/noop-logger/-/noop-logger-0.1.1.tgz#94a2b1633c4f1317553007d8966fd0e841b6a4c2"

npmlog@^4.0.1:
  version "4.1.2"
  resolved "https://registry.yarnpkg.com/npmlog/-/npmlog-4.1.2.tgz#08a7f2a8bf734604779a9efa4ad5cc717abb954b"
  dependencies:
    are-we-there-yet "~1.1.2"
    console-control-strings "~1.1.0"
    gauge "~2.7.3"
    set-blocking "~2.0.0"

number-is-nan@^1.0.0:
  version "1.0.1"
  resolved "https://registry.yarnpkg.com/number-is-nan/-/number-is-nan-1.0.1.tgz#097b602b53422a522c1afb8790318336941a011d"

object-assign@^4.1.0:
  version "4.1.1"
  resolved "https://registry.yarnpkg.com/object-assign/-/object-assign-4.1.1.tgz#2109adc7965887cfc05cbbd442cac8bfbb360863"

once@^1.3.1, once@^1.4.0:
  version "1.4.0"
  resolved "https://registry.yarnpkg.com/once/-/once-1.4.0.tgz#583b1aa775961d4b113ac17d9c50baef9dd76bd1"
  dependencies:
    wrappy "1"

prebuild-install@^5.3.0, prebuild-install@^5.3.3:
  version "5.3.3"
  resolved "https://registry.yarnpkg.com/prebuild-install/-/prebuild-install-5.3.3.tgz#ef4052baac60d465f5ba6bf003c9c1de79b9da8e"
  integrity sha512-GV+nsUXuPW2p8Zy7SarF/2W/oiK8bFQgJcncoJ0d7kRpekEA0ftChjfEaF9/Y+QJEc/wFR7RAEa8lYByuUIe2g==
  dependencies:
    detect-libc "^1.0.3"
    expand-template "^2.0.3"
    github-from-package "0.0.0"
    minimist "^1.2.0"
    mkdirp "^0.5.1"
    napi-build-utils "^1.0.1"
    node-abi "^2.7.0"
    noop-logger "^0.1.1"
    npmlog "^4.0.1"
    pump "^3.0.0"
    rc "^1.2.7"
    simple-get "^3.0.3"
    tar-fs "^2.0.0"
    tunnel-agent "^0.6.0"
    which-pm-runs "^1.0.0"

process-nextick-args@~2.0.0:
  version "2.0.0"
  resolved "https://registry.yarnpkg.com/process-nextick-args/-/process-nextick-args-2.0.0.tgz#a37d732f4271b4ab1ad070d35508e8290788ffaa"

pump@^3.0.0:
  version "3.0.0"
  resolved "https://registry.yarnpkg.com/pump/-/pump-3.0.0.tgz#b4a2116815bde2f4e1ea602354e8c75565107a64"
  integrity sha512-LwZy+p3SFs1Pytd/jYct4wpv49HiYCqd9Rlc5ZVdk0V+8Yzv6jR5Blk3TRmPL1ft69TxP0IMZGJ+WPFU2BFhww==
  dependencies:
    end-of-stream "^1.1.0"
    once "^1.3.1"

rc@^1.2.7:
  version "1.2.8"
  resolved "https://registry.yarnpkg.com/rc/-/rc-1.2.8.tgz#cd924bf5200a075b83c188cd6b9e211b7fc0d3ed"
  dependencies:
    deep-extend "^0.6.0"
    ini "~1.3.0"
    minimist "^1.2.0"
    strip-json-comments "~2.0.1"

readable-stream@^2.0.6:
  version "2.3.6"
  resolved "https://registry.yarnpkg.com/readable-stream/-/readable-stream-2.3.6.tgz#b11c27d88b8ff1fbe070643cf94b0c79ae1b0aaf"
  dependencies:
    core-util-is "~1.0.0"
    inherits "~2.0.3"
    isarray "~1.0.0"
    process-nextick-args "~2.0.0"
    safe-buffer "~5.1.1"
    string_decoder "~1.1.1"
    util-deprecate "~1.0.1"

readable-stream@^3.1.1, readable-stream@^3.4.0:
  version "3.6.0"
  resolved "https://registry.yarnpkg.com/readable-stream/-/readable-stream-3.6.0.tgz#337bbda3adc0706bd3e024426a286d4b4b2c9198"
  integrity sha512-BViHy7LKeTz4oNnkcLJ+lVSL6vpiFeX6/d3oSH8zCW7UxP2onchk+vTGB143xuFjHS3deTgkKoXXymXqymiIdA==
  dependencies:
    inherits "^2.0.3"
    string_decoder "^1.1.1"
    util-deprecate "^1.0.1"

regenerator-runtime@^0.11.0:
  version "0.11.1"
  resolved "https://registry.yarnpkg.com/regenerator-runtime/-/regenerator-runtime-0.11.1.tgz#be05ad7f9bf7d22e056f9726cee5017fbf19e2e9"

rxjs@^6.5.3:
  version "6.5.5"
  resolved "https://registry.yarnpkg.com/rxjs/-/rxjs-6.5.5.tgz#c5c884e3094c8cfee31bf27eb87e54ccfc87f9ec"
  integrity sha512-WfQI+1gohdf0Dai/Bbmk5L5ItH5tYqm3ki2c5GdWhKjalzjg93N3avFjVStyZZz+A2Em+ZxKH5bNghw9UeylGQ==
  dependencies:
    tslib "^1.9.0"

safe-buffer@^5.0.1, safe-buffer@~5.1.0, safe-buffer@~5.1.1:
  version "5.1.2"
  resolved "https://registry.yarnpkg.com/safe-buffer/-/safe-buffer-5.1.2.tgz#991ec69d296e0313747d59bdfd2b745c35f8828d"

safe-buffer@~5.2.0:
  version "5.2.0"
  resolved "https://registry.yarnpkg.com/safe-buffer/-/safe-buffer-5.2.0.tgz#b74daec49b1148f88c64b68d49b1e815c1f2f519"
  integrity sha512-fZEwUGbVl7kouZs1jCdMLdt95hdIv0ZeHg6L7qPeciMZhZ+/gdesW4wgTARkrFWEpspjEATAzUGPG8N2jJiwbg==

semver@^5.4.1:
  version "5.5.1"
  resolved "https://registry.yarnpkg.com/semver/-/semver-5.5.1.tgz#7dfdd8814bdb7cabc7be0fb1d734cfb66c940477"

set-blocking@~2.0.0:
  version "2.0.0"
  resolved "https://registry.yarnpkg.com/set-blocking/-/set-blocking-2.0.0.tgz#045f9782d011ae9a6803ddd382b24392b3d890f7"

signal-exit@^3.0.0:
  version "3.0.2"
  resolved "https://registry.yarnpkg.com/signal-exit/-/signal-exit-3.0.2.tgz#b5fdc08f1287ea1178628e415e25132b73646c6d"

simple-concat@^1.0.0:
  version "1.0.0"
  resolved "https://registry.yarnpkg.com/simple-concat/-/simple-concat-1.0.0.tgz#7344cbb8b6e26fb27d66b2fc86f9f6d5997521c6"

simple-get@^3.0.3:
  version "3.1.0"
  resolved "https://registry.yarnpkg.com/simple-get/-/simple-get-3.1.0.tgz#b45be062435e50d159540b576202ceec40b9c6b3"
  integrity sha512-bCR6cP+aTdScaQCnQKbPKtJOKDp/hj9EDLJo3Nw4y1QksqaovlW/bnptB6/c1e+qmNIDHRK+oXFDdEqBT8WzUA==
  dependencies:
    decompress-response "^4.2.0"
    once "^1.3.1"
    simple-concat "^1.0.0"

string-width@^1.0.1:
  version "1.0.2"
  resolved "https://registry.yarnpkg.com/string-width/-/string-width-1.0.2.tgz#118bdf5b8cdc51a2a7e70d211e07e2b0b9b107d3"
  dependencies:
    code-point-at "^1.0.0"
    is-fullwidth-code-point "^1.0.0"
    strip-ansi "^3.0.0"

"string-width@^1.0.2 || 2":
  version "2.1.1"
  resolved "https://registry.yarnpkg.com/string-width/-/string-width-2.1.1.tgz#ab93f27a8dc13d28cac815c462143a6d9012ae9e"
  dependencies:
    is-fullwidth-code-point "^2.0.0"
    strip-ansi "^4.0.0"

string_decoder@^1.1.1:
  version "1.3.0"
  resolved "https://registry.yarnpkg.com/string_decoder/-/string_decoder-1.3.0.tgz#42f114594a46cf1a8e30b0a84f56c78c3edac21e"
  integrity sha512-hkRX8U1WjJFd8LsDJ2yQ/wWWxaopEsABU1XfkM8A+j0+85JAGppt16cr1Whg6KIbb4okU6Mql6BOj+uup/wKeA==
  dependencies:
    safe-buffer "~5.2.0"

string_decoder@~1.1.1:
  version "1.1.1"
  resolved "https://registry.yarnpkg.com/string_decoder/-/string_decoder-1.1.1.tgz#9cf1611ba62685d7030ae9e4ba34149c3af03fc8"
  dependencies:
    safe-buffer "~5.1.0"

strip-ansi@^3.0.0, strip-ansi@^3.0.1:
  version "3.0.1"
  resolved "https://registry.yarnpkg.com/strip-ansi/-/strip-ansi-3.0.1.tgz#6a385fb8853d952d5ff05d0e8aaf94278dc63dcf"
  dependencies:
    ansi-regex "^2.0.0"

strip-ansi@^4.0.0:
  version "4.0.0"
  resolved "https://registry.yarnpkg.com/strip-ansi/-/strip-ansi-4.0.0.tgz#a8479022eb1ac368a871389b635262c505ee368f"
  dependencies:
    ansi-regex "^3.0.0"

strip-json-comments@~2.0.1:
  version "2.0.1"
  resolved "https://registry.yarnpkg.com/strip-json-comments/-/strip-json-comments-2.0.1.tgz#3c531942e908c2697c0ec344858c286c7ca0a60a"

tar-fs@^2.0.0:
  version "2.0.1"
  resolved "https://registry.yarnpkg.com/tar-fs/-/tar-fs-2.0.1.tgz#e44086c1c60d31a4f0cf893b1c4e155dabfae9e2"
  integrity sha512-6tzWDMeroL87uF/+lin46k+Q+46rAJ0SyPGz7OW7wTgblI273hsBqk2C1j0/xNadNLKDTUL9BukSjB7cwgmlPA==
  dependencies:
    chownr "^1.1.1"
    mkdirp-classic "^0.5.2"
    pump "^3.0.0"
    tar-stream "^2.0.0"

tar-stream@^2.0.0:
  version "2.1.2"
  resolved "https://registry.yarnpkg.com/tar-stream/-/tar-stream-2.1.2.tgz#6d5ef1a7e5783a95ff70b69b97455a5968dc1325"
  integrity sha512-UaF6FoJ32WqALZGOIAApXx+OdxhekNMChu6axLJR85zMMjXKWFGjbIRe+J6P4UnRGg9rAwWvbTT0oI7hD/Un7Q==
  dependencies:
    bl "^4.0.1"
    end-of-stream "^1.4.1"
    fs-constants "^1.0.0"
    inherits "^2.0.3"
    readable-stream "^3.1.1"

tslib@^1.9.0:
  version "1.11.1"
  resolved "https://registry.yarnpkg.com/tslib/-/tslib-1.11.1.tgz#eb15d128827fbee2841549e171f45ed338ac7e35"
  integrity sha512-aZW88SY8kQbU7gpV19lN24LtXh/yD4ZZg6qieAJDDg+YBsJcSmLGK9QpnUjAKVG/xefmvJGd1WUmfpT/g6AJGA==

tunnel-agent@^0.6.0:
  version "0.6.0"
  resolved "https://registry.yarnpkg.com/tunnel-agent/-/tunnel-agent-0.6.0.tgz#27a5dea06b36b04a0a9966774b290868f0fc40fd"
  dependencies:
    safe-buffer "^5.0.1"

usb@^1.6.0:
  version "1.6.2"
  resolved "https://registry.yarnpkg.com/usb/-/usb-1.6.2.tgz#4ed7f0d8631c70192b33635f6a4e700d9e6bfe62"
  integrity sha512-KcovLXRQuH63iEtnqXyDQGOi5dXHpLM5lZBIUsqSJQToua8nL2sVCieQTkzQBfLe5mCuvk40MgKciI61lgevWw==
  dependencies:
    bindings "^1.4.0"
    nan "2.13.2"
    prebuild-install "^5.3.3"

util-deprecate@^1.0.1, util-deprecate@~1.0.1:
  version "1.0.2"
  resolved "https://registry.yarnpkg.com/util-deprecate/-/util-deprecate-1.0.2.tgz#450d4dc9fa70de732762fbd2d4a28981419a0ccf"

which-pm-runs@^1.0.0:
  version "1.0.0"
  resolved "https://registry.yarnpkg.com/which-pm-runs/-/which-pm-runs-1.0.0.tgz#670b3afbc552e0b55df6b7780ca74615f23ad1cb"

wide-align@^1.1.0:
  version "1.1.3"
  resolved "https://registry.yarnpkg.com/wide-align/-/wide-align-1.1.3.tgz#ae074e6bdc0c14a431e804e624549c633b000457"
  dependencies:
    string-width "^1.0.2 || 2"

wrappy@1:
  version "1.0.2"
  resolved "https://registry.yarnpkg.com/wrappy/-/wrappy-1.0.2.tgz#b5243d8f3ec1aa35f1364605bc0d1036e30ab69f"
